
Microsoft Visual Studio Solution File, Format Version 12.00
# Visual Studio 2013
VisualStudioVersion = 12.0.31101.0
MinimumVisualStudioVersion = 10.0.40219.1
Project("{2150E333-8FDC-42A3-9474-1A3956D46DE8}") = "src", "src", "{73016AF7-7220-48A8-B334-C790AFC0F601}"
EndProject
Project("{2150E333-8FDC-42A3-9474-1A3956D46DE8}") = "test", "test", "{06CCD2A6-4264-4D28-9519-F56C8F65A79D}"
EndProject
Project("{FAE04EC0-301F-11D3-BF4B-00C04F79EFBC}") = "AI.Search", "src\AI.Search\AI.Search.csproj", "{D568C51A-F04E-40D6-98C0-27FBD98786F4}"
EndProject
Project("{FAE04EC0-301F-11D3-BF4B-00C04F79EFBC}") = "AI.Search.UnitTests", "AI.Search.UnitTests\AI.Search.UnitTests.csproj", "{D500974E-1F02-495F-AD9C-720828AD2B2D}"
EndProject
Global
	GlobalSection(SolutionConfigurationPlatforms) = preSolution
		Debug|Any CPU = Debug|Any CPU
		Release|Any CPU = Release|Any CPU
	EndGlobalSection
	GlobalSection(ProjectConfigurationPlatforms) = postSolution
		{D568C51A-F04E-40D6-98C0-27FBD98786F4}.Debug|Any CPU.ActiveCfg = Debug|Any CPU
		{D568C51A-F04E-40D6-98C0-27FBD98786F4}.Debug|Any CPU.Build.0 = Debug|Any CPU
		{D568C51A-F04E-40D6-98C0-27FBD98786F4}.Release|Any CPU.ActiveCfg = Release|Any CPU
		{D568C51A-F04E-40D6-98C0-27FBD98786F4}.Release|Any CPU.Build.0 = Release|Any CPU
		{D500974E-1F02-495F-AD9C-720828AD2B2D}.Debug|Any CPU.ActiveCfg = Debug|Any CPU
		{D500974E-1F02-495F-AD9C-720828AD2B2D}.Debug|Any CPU.Build.0 = Debug|Any CPU
		{D500974E-1F02-495F-AD9C-720828AD2B2D}.Release|Any CPU.ActiveCfg = Release|Any CPU
		{D500974E-1F02-495F-AD9C-720828AD2B2D}.Release|Any CPU.Build.0 = Release|Any CPU
	EndGlobalSection
	GlobalSection(SolutionProperties) = preSolution
		HideSolutionNode = FALSE
	EndGlobalSection
	GlobalSection(NestedProjects) = preSolution
		{D568C51A-F04E-40D6-98C0-27FBD98786F4} = {73016AF7-7220-48A8-B334-C790AFC0F601}
		{D500974E-1F02-495F-AD9C-720828AD2B2D} = {06CCD2A6-4264-4D28-9519-F56C8F65A79D}
	EndGlobalSection
EndGlobal
