
Microsoft Visual Studio Solution File, Format Version 12.00
# Visual Studio 15
VisualStudioVersion = 15.0.26730.12
MinimumVisualStudioVersion = 10.0.40219.1
Project("{2150E333-8FDC-42A3-9474-1A3956D46DE8}") = "src", "src", "{73016AF7-7220-48A8-B334-C790AFC0F601}"
EndProject
Project("{2150E333-8FDC-42A3-9474-1A3956D46DE8}") = "test", "test", "{06CCD2A6-4264-4D28-9519-F56C8F65A79D}"
EndProject
Project("{FAE04EC0-301F-11D3-BF4B-00C04F79EFBC}") = "AI.Search", "src\AI.Search\AI.Search.csproj", "{D568C51A-F04E-40D6-98C0-27FBD98786F4}"
EndProject
Project("{FAE04EC0-301F-11D3-BF4B-00C04F79EFBC}") = "AI.Search.UnitTests", "test\AI.Search.UnitTests\AI.Search.UnitTests.csproj", "{D500974E-1F02-495F-AD9C-720828AD2B2D}"
EndProject
Project("{FAE04EC0-301F-11D3-BF4B-00C04F79EFBC}") = "AI.Search.IntergrationTests", "test\AI.Search.IntergrationTests\AI.Search.IntergrationTests.csproj", "{0F7D175D-C00C-40C2-87A8-2CA4206DEEA5}"
EndProject
Project("{FAE04EC0-301F-11D3-BF4B-00C04F79EFBC}") = "AI.Search.Adversarial", "src\AI.Search.Adversarial\AI.Search.Adversarial.csproj", "{7F933495-04F3-4879-A410-6E9695AF19DB}"
EndProject
Project("{FAE04EC0-301F-11D3-BF4B-00C04F79EFBC}") = "AI.Search.Adversarial.UnitTests", "test\AI.Search.Adversarial.UnitTests\AI.Search.Adversarial.UnitTests.csproj", "{325CF4A8-0409-44F5-AF8B-26F254F441DC}"
EndProject
Project("{2150E333-8FDC-42A3-9474-1A3956D46DE8}") = "examples", "examples", "{FBA900A7-FFAF-4631-8F84-1C0332C5A611}"
EndProject
Project("{FAE04EC0-301F-11D3-BF4B-00C04F79EFBC}") = "AI.TicTacToe", "examples\AI.TicTacToe\AI.TicTacToe.csproj", "{4AA1C2BD-92EB-4858-AF8C-33EFF57E7515}"
EndProject
Global
	GlobalSection(SolutionConfigurationPlatforms) = preSolution
		Debug|Any CPU = Debug|Any CPU
		Release|Any CPU = Release|Any CPU
	EndGlobalSection
	GlobalSection(ProjectConfigurationPlatforms) = postSolution
		{D568C51A-F04E-40D6-98C0-27FBD98786F4}.Debug|Any CPU.ActiveCfg = Debug|Any CPU
		{D568C51A-F04E-40D6-98C0-27FBD98786F4}.Debug|Any CPU.Build.0 = Debug|Any CPU
		{D568C51A-F04E-40D6-98C0-27FBD98786F4}.Release|Any CPU.ActiveCfg = Release|Any CPU
		{D568C51A-F04E-40D6-98C0-27FBD98786F4}.Release|Any CPU.Build.0 = Release|Any CPU
		{D500974E-1F02-495F-AD9C-720828AD2B2D}.Debug|Any CPU.ActiveCfg = Debug|Any CPU
		{D500974E-1F02-495F-AD9C-720828AD2B2D}.Debug|Any CPU.Build.0 = Debug|Any CPU
		{D500974E-1F02-495F-AD9C-720828AD2B2D}.Release|Any CPU.ActiveCfg = Release|Any CPU
		{D500974E-1F02-495F-AD9C-720828AD2B2D}.Release|Any CPU.Build.0 = Release|Any CPU
		{0F7D175D-C00C-40C2-87A8-2CA4206DEEA5}.Debug|Any CPU.ActiveCfg = Debug|Any CPU
		{0F7D175D-C00C-40C2-87A8-2CA4206DEEA5}.Debug|Any CPU.Build.0 = Debug|Any CPU
		{0F7D175D-C00C-40C2-87A8-2CA4206DEEA5}.Release|Any CPU.ActiveCfg = Release|Any CPU
		{0F7D175D-C00C-40C2-87A8-2CA4206DEEA5}.Release|Any CPU.Build.0 = Release|Any CPU
		{7F933495-04F3-4879-A410-6E9695AF19DB}.Debug|Any CPU.ActiveCfg = Debug|Any CPU
		{7F933495-04F3-4879-A410-6E9695AF19DB}.Debug|Any CPU.Build.0 = Debug|Any CPU
		{7F933495-04F3-4879-A410-6E9695AF19DB}.Release|Any CPU.ActiveCfg = Release|Any CPU
		{7F933495-04F3-4879-A410-6E9695AF19DB}.Release|Any CPU.Build.0 = Release|Any CPU
		{325CF4A8-0409-44F5-AF8B-26F254F441DC}.Debug|Any CPU.ActiveCfg = Debug|Any CPU
		{325CF4A8-0409-44F5-AF8B-26F254F441DC}.Debug|Any CPU.Build.0 = Debug|Any CPU
		{325CF4A8-0409-44F5-AF8B-26F254F441DC}.Release|Any CPU.ActiveCfg = Release|Any CPU
		{325CF4A8-0409-44F5-AF8B-26F254F441DC}.Release|Any CPU.Build.0 = Release|Any CPU
		{4AA1C2BD-92EB-4858-AF8C-33EFF57E7515}.Debug|Any CPU.ActiveCfg = Debug|Any CPU
		{4AA1C2BD-92EB-4858-AF8C-33EFF57E7515}.Debug|Any CPU.Build.0 = Debug|Any CPU
		{4AA1C2BD-92EB-4858-AF8C-33EFF57E7515}.Release|Any CPU.ActiveCfg = Release|Any CPU
		{4AA1C2BD-92EB-4858-AF8C-33EFF57E7515}.Release|Any CPU.Build.0 = Release|Any CPU
	EndGlobalSection
	GlobalSection(SolutionProperties) = preSolution
		HideSolutionNode = FALSE
	EndGlobalSection
	GlobalSection(NestedProjects) = preSolution
		{D568C51A-F04E-40D6-98C0-27FBD98786F4} = {73016AF7-7220-48A8-B334-C790AFC0F601}
		{D500974E-1F02-495F-AD9C-720828AD2B2D} = {06CCD2A6-4264-4D28-9519-F56C8F65A79D}
		{0F7D175D-C00C-40C2-87A8-2CA4206DEEA5} = {06CCD2A6-4264-4D28-9519-F56C8F65A79D}
		{7F933495-04F3-4879-A410-6E9695AF19DB} = {73016AF7-7220-48A8-B334-C790AFC0F601}
		{325CF4A8-0409-44F5-AF8B-26F254F441DC} = {06CCD2A6-4264-4D28-9519-F56C8F65A79D}
		{4AA1C2BD-92EB-4858-AF8C-33EFF57E7515} = {FBA900A7-FFAF-4631-8F84-1C0332C5A611}
	EndGlobalSection
	GlobalSection(ExtensibilityGlobals) = postSolution
		SolutionGuid = {703AF43A-8D11-4DE6-A859-D6811250D5B4}
	EndGlobalSection
EndGlobal
